
Microsoft Visual Studio Solution File, Format Version 12.00
# Visual Studio Version 17
VisualStudioVersion = 17.0.32112.339
MinimumVisualStudioVersion = 10.0.40219.1
Project("{FAE04EC0-301F-11D3-BF4B-00C04F79EFBC}") = "Banking", "Banking\Banking.csproj", "{B97AF307-B3B5-4927-8D79-CB8F95102EDE}"
EndProject
Project("{FAE04EC0-301F-11D3-BF4B-00C04F79EFBC}") = "Banking.Tests", "Banking.Tests\Banking.Tests.csproj", "{6134A65E-D089-4C41-9D8C-A588814532F2}"
EndProject
Global
	GlobalSection(SolutionConfigurationPlatforms) = preSolution
		Debug|Any CPU = Debug|Any CPU
		Release|Any CPU = Release|Any CPU
	EndGlobalSection
	GlobalSection(ProjectConfigurationPlatforms) = postSolution
		{B97AF307-B3B5-4927-8D79-CB8F95102EDE}.Debug|Any CPU.ActiveCfg = Debug|Any CPU
		{B97AF307-B3B5-4927-8D79-CB8F95102EDE}.Debug|Any CPU.Build.0 = Debug|Any CPU
		{B97AF307-B3B5-4927-8D79-CB8F95102EDE}.Release|Any CPU.ActiveCfg = Release|Any CPU
		{B97AF307-B3B5-4927-8D79-CB8F95102EDE}.Release|Any CPU.Build.0 = Release|Any CPU
		{6134A65E-D089-4C41-9D8C-A588814532F2}.Debug|Any CPU.ActiveCfg = Debug|Any CPU
		{6134A65E-D089-4C41-9D8C-A588814532F2}.Debug|Any CPU.Build.0 = Debug|Any CPU
		{6134A65E-D089-4C41-9D8C-A588814532F2}.Release|Any CPU.ActiveCfg = Release|Any CPU
		{6134A65E-D089-4C41-9D8C-A588814532F2}.Release|Any CPU.Build.0 = Release|Any CPU
	EndGlobalSection
	GlobalSection(SolutionProperties) = preSolution
		HideSolutionNode = FALSE
	EndGlobalSection
	GlobalSection(ExtensibilityGlobals) = postSolution
		SolutionGuid = {E328EFCF-8722-487D-8DC7-B510E660E7AE}
	EndGlobalSection
EndGlobal
